// !$*UTF8*$!
{
	archiveVersion = 1;
	classes = {
	};
	objectVersion = 46;
	objects = {

/* Begin PBXBuildFile section */
		9F04623B19FE262200D16FB2 /* AppDelegate.swift in Sources */ = {isa = PBXBuildFile; fileRef = 9F04623A19FE262200D16FB2 /* AppDelegate.swift */; };
		9F04623D19FE262200D16FB2 /* ViewController.swift in Sources */ = {isa = PBXBuildFile; fileRef = 9F04623C19FE262200D16FB2 /* ViewController.swift */; };
		9F04624019FE262200D16FB2 /* Main.storyboard in Resources */ = {isa = PBXBuildFile; fileRef = 9F04623E19FE262200D16FB2 /* Main.storyboard */; };
		9F04624219FE262200D16FB2 /* Images.xcassets in Resources */ = {isa = PBXBuildFile; fileRef = 9F04624119FE262200D16FB2 /* Images.xcassets */; };
		9F04624519FE262200D16FB2 /* LaunchScreen.xib in Resources */ = {isa = PBXBuildFile; fileRef = 9F04624319FE262200D16FB2 /* LaunchScreen.xib */; };
		9F04625119FE262200D16FB2 /* LogrTests.swift in Sources */ = {isa = PBXBuildFile; fileRef = 9F04625019FE262200D16FB2 /* LogrTests.swift */; };
		9F04625F19FEA0CF00D16FB2 /* LogsTVC.swift in Sources */ = {isa = PBXBuildFile; fileRef = 9F04625E19FEA0CF00D16FB2 /* LogsTVC.swift */; };
		9F04626119FEA0DF00D16FB2 /* JournalTVC.swift in Sources */ = {isa = PBXBuildFile; fileRef = 9F04626019FEA0DF00D16FB2 /* JournalTVC.swift */; };
		9F04626319FEA3D000D16FB2 /* Journal2TVC.swift in Sources */ = {isa = PBXBuildFile; fileRef = 9F04626219FEA3D000D16FB2 /* Journal2TVC.swift */; };
		9F04626519FEA69C00D16FB2 /* GoalsTVC.swift in Sources */ = {isa = PBXBuildFile; fileRef = 9F04626419FEA69C00D16FB2 /* GoalsTVC.swift */; };
		9FABF6981A1060A200353626 /* Logs2VC.swift in Sources */ = {isa = PBXBuildFile; fileRef = 9FABF6971A1060A200353626 /* Logs2VC.swift */; };
		9FABF69A1A1067F300353626 /* SwiftyJSON.swift in Sources */ = {isa = PBXBuildFile; fileRef = 9FABF6991A1067F300353626 /* SwiftyJSON.swift */; };
/* End PBXBuildFile section */

/* Begin PBXContainerItemProxy section */
		9F04624B19FE262200D16FB2 /* PBXContainerItemProxy */ = {
			isa = PBXContainerItemProxy;
			containerPortal = 9F04622D19FE262100D16FB2 /* Project object */;
			proxyType = 1;
			remoteGlobalIDString = 9F04623419FE262100D16FB2;
			remoteInfo = Logr;
		};
/* End PBXContainerItemProxy section */

/* Begin PBXFileReference section */
		9F04623519FE262100D16FB2 /* Logr.app */ = {isa = PBXFileReference; explicitFileType = wrapper.application; includeInIndex = 0; path = Logr.app; sourceTree = BUILT_PRODUCTS_DIR; };
		9F04623919FE262200D16FB2 /* Info.plist */ = {isa = PBXFileReference; lastKnownFileType = text.plist.xml; path = Info.plist; sourceTree = "<group>"; };
		9F04623A19FE262200D16FB2 /* AppDelegate.swift */ = {isa = PBXFileReference; lastKnownFileType = sourcecode.swift; path = AppDelegate.swift; sourceTree = "<group>"; };
		9F04623C19FE262200D16FB2 /* ViewController.swift */ = {isa = PBXFileReference; lastKnownFileType = sourcecode.swift; path = ViewController.swift; sourceTree = "<group>"; };
		9F04623F19FE262200D16FB2 /* Base */ = {isa = PBXFileReference; lastKnownFileType = file.storyboard; name = Base; path = Base.lproj/Main.storyboard; sourceTree = "<group>"; };
		9F04624119FE262200D16FB2 /* Images.xcassets */ = {isa = PBXFileReference; lastKnownFileType = folder.assetcatalog; path = Images.xcassets; sourceTree = "<group>"; };
		9F04624419FE262200D16FB2 /* Base */ = {isa = PBXFileReference; lastKnownFileType = file.xib; name = Base; path = Base.lproj/LaunchScreen.xib; sourceTree = "<group>"; };
		9F04624A19FE262200D16FB2 /* LogrTests.xctest */ = {isa = PBXFileReference; explicitFileType = wrapper.cfbundle; includeInIndex = 0; path = LogrTests.xctest; sourceTree = BUILT_PRODUCTS_DIR; };
		9F04624F19FE262200D16FB2 /* Info.plist */ = {isa = PBXFileReference; lastKnownFileType = text.plist.xml; path = Info.plist; sourceTree = "<group>"; };
		9F04625019FE262200D16FB2 /* LogrTests.swift */ = {isa = PBXFileReference; lastKnownFileType = sourcecode.swift; path = LogrTests.swift; sourceTree = "<group>"; };
		9F04625E19FEA0CF00D16FB2 /* LogsTVC.swift */ = {isa = PBXFileReference; fileEncoding = 4; lastKnownFileType = sourcecode.swift; path = LogsTVC.swift; sourceTree = "<group>"; };
		9F04626019FEA0DF00D16FB2 /* JournalTVC.swift */ = {isa = PBXFileReference; fileEncoding = 4; lastKnownFileType = sourcecode.swift; path = JournalTVC.swift; sourceTree = "<group>"; };
		9F04626219FEA3D000D16FB2 /* Journal2TVC.swift */ = {isa = PBXFileReference; fileEncoding = 4; lastKnownFileType = sourcecode.swift; path = Journal2TVC.swift; sourceTree = "<group>"; };
		9F04626419FEA69C00D16FB2 /* GoalsTVC.swift */ = {isa = PBXFileReference; fileEncoding = 4; lastKnownFileType = sourcecode.swift; path = GoalsTVC.swift; sourceTree = "<group>"; };
		9FABF6971A1060A200353626 /* Logs2VC.swift */ = {isa = PBXFileReference; fileEncoding = 4; lastKnownFileType = sourcecode.swift; path = Logs2VC.swift; sourceTree = "<group>"; };
		9FABF6991A1067F300353626 /* SwiftyJSON.swift */ = {isa = PBXFileReference; fileEncoding = 4; lastKnownFileType = sourcecode.swift; path = SwiftyJSON.swift; sourceTree = "<group>"; };
/* End PBXFileReference section */

/* Begin PBXFrameworksBuildPhase section */
		9F04623219FE262100D16FB2 /* Frameworks */ = {
			isa = PBXFrameworksBuildPhase;
			buildActionMask = 2147483647;
			files = (
			);
			runOnlyForDeploymentPostprocessing = 0;
		};
		9F04624719FE262200D16FB2 /* Frameworks */ = {
			isa = PBXFrameworksBuildPhase;
			buildActionMask = 2147483647;
			files = (
			);
			runOnlyForDeploymentPostprocessing = 0;
		};
/* End PBXFrameworksBuildPhase section */

/* Begin PBXGroup section */
		9F04622C19FE262100D16FB2 = {
			isa = PBXGroup;
			children = (
				9F04623719FE262100D16FB2 /* Logr */,
				9F04623819FE262100D16FB2 /* Supporting Files */,
				9F04624D19FE262200D16FB2 /* LogrTests */,
				9F04623619FE262100D16FB2 /* Products */,
			);
			sourceTree = "<group>";
		};
		9F04623619FE262100D16FB2 /* Products */ = {
			isa = PBXGroup;
			children = (
				9F04623519FE262100D16FB2 /* Logr.app */,
				9F04624A19FE262200D16FB2 /* LogrTests.xctest */,
			);
			name = Products;
			sourceTree = "<group>";
		};
		9F04623719FE262100D16FB2 /* Logr */ = {
			isa = PBXGroup;
			children = (
				9FABF6991A1067F300353626 /* SwiftyJSON.swift */,
				9F04623A19FE262200D16FB2 /* AppDelegate.swift */,
				9F04623C19FE262200D16FB2 /* ViewController.swift */,
				9F04623E19FE262200D16FB2 /* Main.storyboard */,
				9F04626419FEA69C00D16FB2 /* GoalsTVC.swift */,
				9F04625E19FEA0CF00D16FB2 /* LogsTVC.swift */,
				9FABF6971A1060A200353626 /* Logs2VC.swift */,
				9F04626019FEA0DF00D16FB2 /* JournalTVC.swift */,
				9F04626219FEA3D000D16FB2 /* Journal2TVC.swift */,
				9F04624319FE262200D16FB2 /* LaunchScreen.xib */,
				9F04624119FE262200D16FB2 /* Images.xcassets */,
			);
			path = Logr;
			sourceTree = "<group>";
		};
		9F04623819FE262100D16FB2 /* Supporting Files */ = {
			isa = PBXGroup;
			children = (
				9F04623919FE262200D16FB2 /* Info.plist */,
			);
			name = "Supporting Files";
			path = Logr;
			sourceTree = "<group>";
		};
		9F04624D19FE262200D16FB2 /* LogrTests */ = {
			isa = PBXGroup;
			children = (
				9F04625019FE262200D16FB2 /* LogrTests.swift */,
				9F04624E19FE262200D16FB2 /* Supporting Files */,
			);
			path = LogrTests;
			sourceTree = "<group>";
		};
		9F04624E19FE262200D16FB2 /* Supporting Files */ = {
			isa = PBXGroup;
			children = (
				9F04624F19FE262200D16FB2 /* Info.plist */,
			);
			name = "Supporting Files";
			sourceTree = "<group>";
		};
/* End PBXGroup section */

/* Begin PBXNativeTarget section */
		9F04623419FE262100D16FB2 /* Logr */ = {
			isa = PBXNativeTarget;
			buildConfigurationList = 9F04625419FE262200D16FB2 /* Build configuration list for PBXNativeTarget "Logr" */;
			buildPhases = (
				9F04623119FE262100D16FB2 /* Sources */,
				9F04623219FE262100D16FB2 /* Frameworks */,
				9F04623319FE262100D16FB2 /* Resources */,
			);
			buildRules = (
			);
			dependencies = (
			);
			name = Logr;
			productName = Logr;
			productReference = 9F04623519FE262100D16FB2 /* Logr.app */;
			productType = "com.apple.product-type.application";
		};
		9F04624919FE262200D16FB2 /* LogrTests */ = {
			isa = PBXNativeTarget;
			buildConfigurationList = 9F04625719FE262200D16FB2 /* Build configuration list for PBXNativeTarget "LogrTests" */;
			buildPhases = (
				9F04624619FE262200D16FB2 /* Sources */,
				9F04624719FE262200D16FB2 /* Frameworks */,
				9F04624819FE262200D16FB2 /* Resources */,
			);
			buildRules = (
			);
			dependencies = (
				9F04624C19FE262200D16FB2 /* PBXTargetDependency */,
			);
			name = LogrTests;
			productName = LogrTests;
			productReference = 9F04624A19FE262200D16FB2 /* LogrTests.xctest */;
			productType = "com.apple.product-type.bundle.unit-test";
		};
/* End PBXNativeTarget section */

/* Begin PBXProject section */
		9F04622D19FE262100D16FB2 /* Project object */ = {
			isa = PBXProject;
			attributes = {
				LastUpgradeCheck = 0600;
				ORGANIZATIONNAME = ManeAppWorld;
				TargetAttributes = {
					9F04623419FE262100D16FB2 = {
						CreatedOnToolsVersion = 6.1;
					};
					9F04624919FE262200D16FB2 = {
						CreatedOnToolsVersion = 6.1;
						TestTargetID = 9F04623419FE262100D16FB2;
					};
				};
			};
			buildConfigurationList = 9F04623019FE262100D16FB2 /* Build configuration list for PBXProject "Logr" */;
			compatibilityVersion = "Xcode 3.2";
			developmentRegion = English;
			hasScannedForEncodings = 0;
			knownRegions = (
				en,
				Base,
			);
			mainGroup = 9F04622C19FE262100D16FB2;
			productRefGroup = 9F04623619FE262100D16FB2 /* Products */;
			projectDirPath = "";
			projectRoot = "";
			targets = (
				9F04623419FE262100D16FB2 /* Logr */,
				9F04624919FE262200D16FB2 /* LogrTests */,
			);
		};
/* End PBXProject section */

/* Begin PBXResourcesBuildPhase section */
		9F04623319FE262100D16FB2 /* Resources */ = {
			isa = PBXResourcesBuildPhase;
			buildActionMask = 2147483647;
			files = (
				9F04624019FE262200D16FB2 /* Main.storyboard in Resources */,
				9F04624519FE262200D16FB2 /* LaunchScreen.xib in Resources */,
				9F04624219FE262200D16FB2 /* Images.xcassets in Resources */,
			);
			runOnlyForDeploymentPostprocessing = 0;
		};
		9F04624819FE262200D16FB2 /* Resources */ = {
			isa = PBXResourcesBuildPhase;
			buildActionMask = 2147483647;
			files = (
			);
			runOnlyForDeploymentPostprocessing = 0;
		};
/* End PBXResourcesBuildPhase section */

/* Begin PBXSourcesBuildPhase section */
		9F04623119FE262100D16FB2 /* Sources */ = {
			isa = PBXSourcesBuildPhase;
			buildActionMask = 2147483647;
			files = (
				9F04626319FEA3D000D16FB2 /* Journal2TVC.swift in Sources */,
				9F04623D19FE262200D16FB2 /* ViewController.swift in Sources */,
				9F04626519FEA69C00D16FB2 /* GoalsTVC.swift in Sources */,
				9FABF69A1A1067F300353626 /* SwiftyJSON.swift in Sources */,
				9F04623B19FE262200D16FB2 /* AppDelegate.swift in Sources */,
				9F04626119FEA0DF00D16FB2 /* JournalTVC.swift in Sources */,
				9F04625F19FEA0CF00D16FB2 /* LogsTVC.swift in Sources */,
				9FABF6981A1060A200353626 /* Logs2VC.swift in Sources */,
			);
			runOnlyForDeploymentPostprocessing = 0;
		};
		9F04624619FE262200D16FB2 /* Sources */ = {
			isa = PBXSourcesBuildPhase;
			buildActionMask = 2147483647;
			files = (
				9F04625119FE262200D16FB2 /* LogrTests.swift in Sources */,
			);
			runOnlyForDeploymentPostprocessing = 0;
		};
/* End PBXSourcesBuildPhase section */

/* Begin PBXTargetDependency section */
		9F04624C19FE262200D16FB2 /* PBXTargetDependency */ = {
			isa = PBXTargetDependency;
			target = 9F04623419FE262100D16FB2 /* Logr */;
			targetProxy = 9F04624B19FE262200D16FB2 /* PBXContainerItemProxy */;
		};
/* End PBXTargetDependency section */

/* Begin PBXVariantGroup section */
		9F04623E19FE262200D16FB2 /* Main.storyboard */ = {
			isa = PBXVariantGroup;
			children = (
				9F04623F19FE262200D16FB2 /* Base */,
			);
			name = Main.storyboard;
			sourceTree = "<group>";
		};
		9F04624319FE262200D16FB2 /* LaunchScreen.xib */ = {
			isa = PBXVariantGroup;
			children = (
				9F04624419FE262200D16FB2 /* Base */,
			);
			name = LaunchScreen.xib;
			sourceTree = "<group>";
		};
/* End PBXVariantGroup section */

/* Begin XCBuildConfiguration section */
		9F04625219FE262200D16FB2 /* Debug */ = {
			isa = XCBuildConfiguration;
			buildSettings = {
				ALWAYS_SEARCH_USER_PATHS = NO;
				CLANG_CXX_LANGUAGE_STANDARD = "gnu++0x";
				CLANG_CXX_LIBRARY = "libc++";
				CLANG_ENABLE_MODULES = YES;
				CLANG_ENABLE_OBJC_ARC = YES;
				CLANG_WARN_BOOL_CONVERSION = YES;
				CLANG_WARN_CONSTANT_CONVERSION = YES;
				CLANG_WARN_DIRECT_OBJC_ISA_USAGE = YES_ERROR;
				CLANG_WARN_EMPTY_BODY = YES;
				CLANG_WARN_ENUM_CONVERSION = YES;
				CLANG_WARN_INT_CONVERSION = YES;
				CLANG_WARN_OBJC_ROOT_CLASS = YES_ERROR;
				CLANG_WARN_UNREACHABLE_CODE = YES;
				CLANG_WARN__DUPLICATE_METHOD_MATCH = YES;
				"CODE_SIGN_IDENTITY[sdk=iphoneos*]" = "iPhone Developer";
				COPY_PHASE_STRIP = NO;
				ENABLE_STRICT_OBJC_MSGSEND = YES;
				GCC_C_LANGUAGE_STANDARD = gnu99;
				GCC_DYNAMIC_NO_PIC = NO;
				GCC_OPTIMIZATION_LEVEL = 0;
				GCC_PREPROCESSOR_DEFINITIONS = (
					"DEBUG=1",
					"$(inherited)",
				);
				GCC_SYMBOLS_PRIVATE_EXTERN = NO;
				GCC_WARN_64_TO_32_BIT_CONVERSION = YES;
				GCC_WARN_ABOUT_RETURN_TYPE = YES_ERROR;
				GCC_WARN_UNDECLARED_SELECTOR = YES;
				GCC_WARN_UNINITIALIZED_AUTOS = YES_AGGRESSIVE;
				GCC_WARN_UNUSED_FUNCTION = YES;
				GCC_WARN_UNUSED_VARIABLE = YES;
				IPHONEOS_DEPLOYMENT_TARGET = 8.0;
				MTL_ENABLE_DEBUG_INFO = YES;
				ONLY_ACTIVE_ARCH = YES;
				SDKROOT = iphoneos;
				SWIFT_OPTIMIZATION_LEVEL = "-Onone";
			};
			name = Debug;
		};
		9F04625319FE262200D16FB2 /* Release */ = {
			isa = XCBuildConfiguration;
			buildSettings = {
				ALWAYS_SEARCH_USER_PATHS = NO;
				CLANG_CXX_LANGUAGE_STANDARD = "gnu++0x";
				CLANG_CXX_LIBRARY = "libc++";
				CLANG_ENABLE_MODULES = YES;
				CLANG_ENABLE_OBJC_ARC = YES;
				CLANG_WARN_BOOL_CONVERSION = YES;
				CLANG_WARN_CONSTANT_CONVERSION = YES;
				CLANG_WARN_DIRECT_OBJC_ISA_USAGE = YES_ERROR;
				CLANG_WARN_EMPTY_BODY = YES;
				CLANG_WARN_ENUM_CONVERSION = YES;
				CLANG_WARN_INT_CONVERSION = YES;
				CLANG_WARN_OBJC_ROOT_CLASS = YES_ERROR;
				CLANG_WARN_UNREACHABLE_CODE = YES;
				CLANG_WARN__DUPLICATE_METHOD_MATCH = YES;
				"CODE_SIGN_IDENTITY[sdk=iphoneos*]" = "iPhone Developer";
				COPY_PHASE_STRIP = YES;
				ENABLE_NS_ASSERTIONS = NO;
				ENABLE_STRICT_OBJC_MSGSEND = YES;
				GCC_C_LANGUAGE_STANDARD = gnu99;
				GCC_WARN_64_TO_32_BIT_CONVERSION = YES;
				GCC_WARN_ABOUT_RETURN_TYPE = YES_ERROR;
				GCC_WARN_UNDECLARED_SELECTOR = YES;
				GCC_WARN_UNINITIALIZED_AUTOS = YES_AGGRESSIVE;
				GCC_WARN_UNUSED_FUNCTION = YES;
				GCC_WARN_UNUSED_VARIABLE = YES;
				IPHONEOS_DEPLOYMENT_TARGET = 8.0;
				MTL_ENABLE_DEBUG_INFO = NO;
				SDKROOT = iphoneos;
				VALIDATE_PRODUCT = YES;
			};
			name = Release;
		};
		9F04625519FE262200D16FB2 /* Debug */ = {
			isa = XCBuildConfiguration;
			buildSettings = {
				ASSETCATALOG_COMPILER_APPICON_NAME = AppIcon;
				INFOPLIST_FILE = Logr/Info.plist;
				LD_RUNPATH_SEARCH_PATHS = "$(inherited) @executable_path/Frameworks";
				PRODUCT_NAME = "$(TARGET_NAME)";
			};
			name = Debug;
		};
		9F04625619FE262200D16FB2 /* Release */ = {
			isa = XCBuildConfiguration;
			buildSettings = {
				ASSETCATALOG_COMPILER_APPICON_NAME = AppIcon;
				INFOPLIST_FILE = Logr/Info.plist;
				LD_RUNPATH_SEARCH_PATHS = "$(inherited) @executable_path/Frameworks";
				PRODUCT_NAME = "$(TARGET_NAME)";
			};
			name = Release;
		};
		9F04625819FE262200D16FB2 /* Debug */ = {
			isa = XCBuildConfiguration;
			buildSettings = {
				BUNDLE_LOADER = "$(TEST_HOST)";
				FRAMEWORK_SEARCH_PATHS = (
					"$(SDKROOT)/Developer/Library/Frameworks",
					"$(inherited)",
				);
				GCC_PREPROCESSOR_DEFINITIONS = (
					"DEBUG=1",
					"$(inherited)",
				);
				INFOPLIST_FILE = LogrTests/Info.plist;
				LD_RUNPATH_SEARCH_PATHS = "$(inherited) @executable_path/Frameworks @loader_path/Frameworks";
				PRODUCT_NAME = "$(TARGET_NAME)";
				TEST_HOST = "$(BUILT_PRODUCTS_DIR)/Logr.app/Logr";
			};
			name = Debug;
		};
		9F04625919FE262200D16FB2 /* Release */ = {
			isa = XCBuildConfiguration;
			buildSettings = {
				BUNDLE_LOADER = "$(TEST_HOST)";
				FRAMEWORK_SEARCH_PATHS = (
					"$(SDKROOT)/Developer/Library/Frameworks",
					"$(inherited)",
				);
				INFOPLIST_FILE = LogrTests/Info.plist;
				LD_RUNPATH_SEARCH_PATHS = "$(inherited) @executable_path/Frameworks @loader_path/Frameworks";
				PRODUCT_NAME = "$(TARGET_NAME)";
				TEST_HOST = "$(BUILT_PRODUCTS_DIR)/Logr.app/Logr";
			};
			name = Release;
		};
/* End XCBuildConfiguration section */

/* Begin XCConfigurationList section */
		9F04623019FE262100D16FB2 /* Build configuration list for PBXProject "Logr" */ = {
			isa = XCConfigurationList;
			buildConfigurations = (
				9F04625219FE262200D16FB2 /* Debug */,
				9F04625319FE262200D16FB2 /* Release */,
			);
			defaultConfigurationIsVisible = 0;
			defaultConfigurationName = Release;
		};
		9F04625419FE262200D16FB2 /* Build configuration list for PBXNativeTarget "Logr" */ = {
			isa = XCConfigurationList;
			buildConfigurations = (
				9F04625519FE262200D16FB2 /* Debug */,
				9F04625619FE262200D16FB2 /* Release */,
			);
			defaultConfigurationIsVisible = 0;
			defaultConfigurationName = Release;
		};
		9F04625719FE262200D16FB2 /* Build configuration list for PBXNativeTarget "LogrTests" */ = {
			isa = XCConfigurationList;
			buildConfigurations = (
				9F04625819FE262200D16FB2 /* Debug */,
				9F04625919FE262200D16FB2 /* Release */,
			);
			defaultConfigurationIsVisible = 0;
			defaultConfigurationName = Release;
		};
/* End XCConfigurationList section */
	};
	rootObject = 9F04622D19FE262100D16FB2 /* Project object */;
}
